
Microsoft Visual Studio Solution File, Format Version 12.00
# Visual Studio Version 16
VisualStudioVersion = 16.0.29609.76
MinimumVisualStudioVersion = 10.0.40219.1
Project("{FAE04EC0-301F-11D3-BF4B-00C04F79EFBC}") = "coreNet", "coreNet\coreNet.csproj", "{E9D451AA-7C8A-48DB-9EEA-10AE7FB333F5}"
EndProject
Global
	GlobalSection(SolutionConfigurationPlatforms) = preSolution
		Debug|Any CPU = Debug|Any CPU
		Release|Any CPU = Release|Any CPU
	EndGlobalSection
	GlobalSection(ProjectConfigurationPlatforms) = postSolution
		{E9D451AA-7C8A-48DB-9EEA-10AE7FB333F5}.Debug|Any CPU.ActiveCfg = Debug|Any CPU
		{E9D451AA-7C8A-48DB-9EEA-10AE7FB333F5}.Debug|Any CPU.Build.0 = Debug|Any CPU
		{E9D451AA-7C8A-48DB-9EEA-10AE7FB333F5}.Release|Any CPU.ActiveCfg = Release|Any CPU
		{E9D451AA-7C8A-48DB-9EEA-10AE7FB333F5}.Release|Any CPU.Build.0 = Release|Any CPU
	EndGlobalSection
	GlobalSection(SolutionProperties) = preSolution
		HideSolutionNode = FALSE
	EndGlobalSection
	GlobalSection(ExtensibilityGlobals) = postSolution
		SolutionGuid = {1BC32E3E-A396-4715-A7AF-3B0F4BDD812C}
	EndGlobalSection
EndGlobal
